// !$*UTF8*$!
{
	archiveVersion = 1;
	classes = {
	};
	objectVersion = 46;
	objects = {

/* Begin PBXBuildFile section */
		C060D6C917289A4100ED0375 /* UIKit.framework in Frameworks */ = {isa = PBXBuildFile; fileRef = C060D6C817289A4100ED0375 /* UIKit.framework */; };
		C060D6CB17289A4100ED0375 /* Foundation.framework in Frameworks */ = {isa = PBXBuildFile; fileRef = C060D6CA17289A4100ED0375 /* Foundation.framework */; };
		C060D6CD17289A4100ED0375 /* CoreGraphics.framework in Frameworks */ = {isa = PBXBuildFile; fileRef = C060D6CC17289A4100ED0375 /* CoreGraphics.framework */; };
		C060D6CF17289A4100ED0375 /* CoreData.framework in Frameworks */ = {isa = PBXBuildFile; fileRef = C060D6CE17289A4100ED0375 /* CoreData.framework */; };
		C060D6D517289A4100ED0375 /* InfoPlist.strings in Resources */ = {isa = PBXBuildFile; fileRef = C060D6D317289A4100ED0375 /* InfoPlist.strings */; };
		C060D6D717289A4100ED0375 /* main.m in Sources */ = {isa = PBXBuildFile; fileRef = C060D6D617289A4100ED0375 /* main.m */; };
		C060D6DB17289A4100ED0375 /* MSAAppDelegate.m in Sources */ = {isa = PBXBuildFile; fileRef = C060D6DA17289A4100ED0375 /* MSAAppDelegate.m */; };
		C060D6DD17289A4100ED0375 /* Default.png in Resources */ = {isa = PBXBuildFile; fileRef = C060D6DC17289A4100ED0375 /* Default.png */; };
		C060D6DF17289A4100ED0375 /* Default@2x.png in Resources */ = {isa = PBXBuildFile; fileRef = C060D6DE17289A4100ED0375 /* Default@2x.png */; };
		C060D6E117289A4100ED0375 /* Default-568h@2x.png in Resources */ = {isa = PBXBuildFile; fileRef = C060D6E017289A4100ED0375 /* Default-568h@2x.png */; };
		C060D6E417289A4100ED0375 /* alpha.xcdatamodeld in Sources */ = {isa = PBXBuildFile; fileRef = C060D6E217289A4100ED0375 /* alpha.xcdatamodeld */; };
		C060D6EC17289A4200ED0375 /* SenTestingKit.framework in Frameworks */ = {isa = PBXBuildFile; fileRef = C060D6EB17289A4200ED0375 /* SenTestingKit.framework */; };
		C060D6ED17289A4200ED0375 /* UIKit.framework in Frameworks */ = {isa = PBXBuildFile; fileRef = C060D6C817289A4100ED0375 /* UIKit.framework */; };
		C060D6EE17289A4200ED0375 /* Foundation.framework in Frameworks */ = {isa = PBXBuildFile; fileRef = C060D6CA17289A4100ED0375 /* Foundation.framework */; };
		C060D6EF17289A4200ED0375 /* CoreData.framework in Frameworks */ = {isa = PBXBuildFile; fileRef = C060D6CE17289A4100ED0375 /* CoreData.framework */; };
		C060D6F717289A4200ED0375 /* InfoPlist.strings in Resources */ = {isa = PBXBuildFile; fileRef = C060D6F517289A4200ED0375 /* InfoPlist.strings */; };
		C060D6FA17289A4200ED0375 /* alphaTests.m in Sources */ = {isa = PBXBuildFile; fileRef = C060D6F917289A4200ED0375 /* alphaTests.m */; };
/* End PBXBuildFile section */

/* Begin PBXContainerItemProxy section */
		C060D6F017289A4200ED0375 /* PBXContainerItemProxy */ = {
			isa = PBXContainerItemProxy;
			containerPortal = C060D6BD17289A4100ED0375 /* Project object */;
			proxyType = 1;
			remoteGlobalIDString = C060D6C417289A4100ED0375;
			remoteInfo = alpha;
		};
/* End PBXContainerItemProxy section */

/* Begin PBXFileReference section */
		C060D6C517289A4100ED0375 /* alpha.app */ = {isa = PBXFileReference; explicitFileType = wrapper.application; includeInIndex = 0; path = alpha.app; sourceTree = BUILT_PRODUCTS_DIR; };
		C060D6C817289A4100ED0375 /* UIKit.framework */ = {isa = PBXFileReference; lastKnownFileType = wrapper.framework; name = UIKit.framework; path = System/Library/Frameworks/UIKit.framework; sourceTree = SDKROOT; };
		C060D6CA17289A4100ED0375 /* Foundation.framework */ = {isa = PBXFileReference; lastKnownFileType = wrapper.framework; name = Foundation.framework; path = System/Library/Frameworks/Foundation.framework; sourceTree = SDKROOT; };
		C060D6CC17289A4100ED0375 /* CoreGraphics.framework */ = {isa = PBXFileReference; lastKnownFileType = wrapper.framework; name = CoreGraphics.framework; path = System/Library/Frameworks/CoreGraphics.framework; sourceTree = SDKROOT; };
		C060D6CE17289A4100ED0375 /* CoreData.framework */ = {isa = PBXFileReference; lastKnownFileType = wrapper.framework; name = CoreData.framework; path = System/Library/Frameworks/CoreData.framework; sourceTree = SDKROOT; };
		C060D6D217289A4100ED0375 /* alpha-Info.plist */ = {isa = PBXFileReference; lastKnownFileType = text.plist.xml; path = "alpha-Info.plist"; sourceTree = "<group>"; };
		C060D6D417289A4100ED0375 /* en */ = {isa = PBXFileReference; lastKnownFileType = text.plist.strings; name = en; path = en.lproj/InfoPlist.strings; sourceTree = "<group>"; };
		C060D6D617289A4100ED0375 /* main.m */ = {isa = PBXFileReference; lastKnownFileType = sourcecode.c.objc; path = main.m; sourceTree = "<group>"; };
		C060D6D817289A4100ED0375 /* alpha-Prefix.pch */ = {isa = PBXFileReference; lastKnownFileType = sourcecode.c.h; path = "alpha-Prefix.pch"; sourceTree = "<group>"; };
		C060D6D917289A4100ED0375 /* MSAAppDelegate.h */ = {isa = PBXFileReference; lastKnownFileType = sourcecode.c.h; path = MSAAppDelegate.h; sourceTree = "<group>"; };
		C060D6DA17289A4100ED0375 /* MSAAppDelegate.m */ = {isa = PBXFileReference; lastKnownFileType = sourcecode.c.objc; path = MSAAppDelegate.m; sourceTree = "<group>"; };
		C060D6DC17289A4100ED0375 /* Default.png */ = {isa = PBXFileReference; lastKnownFileType = image.png; path = Default.png; sourceTree = "<group>"; };
		C060D6DE17289A4100ED0375 /* Default@2x.png */ = {isa = PBXFileReference; lastKnownFileType = image.png; path = "Default@2x.png"; sourceTree = "<group>"; };
		C060D6E017289A4100ED0375 /* Default-568h@2x.png */ = {isa = PBXFileReference; lastKnownFileType = image.png; path = "Default-568h@2x.png"; sourceTree = "<group>"; };
		C060D6E317289A4100ED0375 /* alpha.xcdatamodel */ = {isa = PBXFileReference; lastKnownFileType = wrapper.xcdatamodel; path = alpha.xcdatamodel; sourceTree = "<group>"; };
		C060D6EA17289A4200ED0375 /* alphaTests.octest */ = {isa = PBXFileReference; explicitFileType = wrapper.cfbundle; includeInIndex = 0; path = alphaTests.octest; sourceTree = BUILT_PRODUCTS_DIR; };
		C060D6EB17289A4200ED0375 /* SenTestingKit.framework */ = {isa = PBXFileReference; lastKnownFileType = wrapper.framework; name = SenTestingKit.framework; path = Library/Frameworks/SenTestingKit.framework; sourceTree = DEVELOPER_DIR; };
		C060D6F417289A4200ED0375 /* alphaTests-Info.plist */ = {isa = PBXFileReference; lastKnownFileType = text.plist.xml; path = "alphaTests-Info.plist"; sourceTree = "<group>"; };
		C060D6F617289A4200ED0375 /* en */ = {isa = PBXFileReference; lastKnownFileType = text.plist.strings; name = en; path = en.lproj/InfoPlist.strings; sourceTree = "<group>"; };
		C060D6F817289A4200ED0375 /* alphaTests.h */ = {isa = PBXFileReference; lastKnownFileType = sourcecode.c.h; path = alphaTests.h; sourceTree = "<group>"; };
		C060D6F917289A4200ED0375 /* alphaTests.m */ = {isa = PBXFileReference; lastKnownFileType = sourcecode.c.objc; path = alphaTests.m; sourceTree = "<group>"; };
/* End PBXFileReference section */

/* Begin PBXFrameworksBuildPhase section */
		C060D6C217289A4100ED0375 /* Frameworks */ = {
			isa = PBXFrameworksBuildPhase;
			buildActionMask = 2147483647;
			files = (
				C060D6C917289A4100ED0375 /* UIKit.framework in Frameworks */,
				C060D6CB17289A4100ED0375 /* Foundation.framework in Frameworks */,
				C060D6CD17289A4100ED0375 /* CoreGraphics.framework in Frameworks */,
				C060D6CF17289A4100ED0375 /* CoreData.framework in Frameworks */,
			);
			runOnlyForDeploymentPostprocessing = 0;
		};
		C060D6E617289A4200ED0375 /* Frameworks */ = {
			isa = PBXFrameworksBuildPhase;
			buildActionMask = 2147483647;
			files = (
				C060D6EC17289A4200ED0375 /* SenTestingKit.framework in Frameworks */,
				C060D6ED17289A4200ED0375 /* UIKit.framework in Frameworks */,
				C060D6EE17289A4200ED0375 /* Foundation.framework in Frameworks */,
				C060D6EF17289A4200ED0375 /* CoreData.framework in Frameworks */,
			);
			runOnlyForDeploymentPostprocessing = 0;
		};
/* End PBXFrameworksBuildPhase section */

/* Begin PBXGroup section */
		C060D6BC17289A4100ED0375 = {
			isa = PBXGroup;
			children = (
				C060D6D017289A4100ED0375 /* alpha */,
				C060D6F217289A4200ED0375 /* alphaTests */,
				C060D6C717289A4100ED0375 /* Frameworks */,
				C060D6C617289A4100ED0375 /* Products */,
			);
			sourceTree = "<group>";
		};
		C060D6C617289A4100ED0375 /* Products */ = {
			isa = PBXGroup;
			children = (
				C060D6C517289A4100ED0375 /* alpha.app */,
				C060D6EA17289A4200ED0375 /* alphaTests.octest */,
			);
			name = Products;
			sourceTree = "<group>";
		};
		C060D6C717289A4100ED0375 /* Frameworks */ = {
			isa = PBXGroup;
			children = (
				C060D6C817289A4100ED0375 /* UIKit.framework */,
				C060D6CA17289A4100ED0375 /* Foundation.framework */,
				C060D6CC17289A4100ED0375 /* CoreGraphics.framework */,
				C060D6CE17289A4100ED0375 /* CoreData.framework */,
				C060D6EB17289A4200ED0375 /* SenTestingKit.framework */,
			);
			name = Frameworks;
			sourceTree = "<group>";
		};
		C060D6D017289A4100ED0375 /* alpha */ = {
			isa = PBXGroup;
			children = (
				C060D6D917289A4100ED0375 /* MSAAppDelegate.h */,
				C060D6DA17289A4100ED0375 /* MSAAppDelegate.m */,
				C060D6E217289A4100ED0375 /* alpha.xcdatamodeld */,
				C060D6D117289A4100ED0375 /* Supporting Files */,
			);
			path = alpha;
			sourceTree = "<group>";
		};
		C060D6D117289A4100ED0375 /* Supporting Files */ = {
			isa = PBXGroup;
			children = (
				C060D6D217289A4100ED0375 /* alpha-Info.plist */,
				C060D6D317289A4100ED0375 /* InfoPlist.strings */,
				C060D6D617289A4100ED0375 /* main.m */,
				C060D6D817289A4100ED0375 /* alpha-Prefix.pch */,
				C060D6DC17289A4100ED0375 /* Default.png */,
				C060D6DE17289A4100ED0375 /* Default@2x.png */,
				C060D6E017289A4100ED0375 /* Default-568h@2x.png */,
			);
			name = "Supporting Files";
			sourceTree = "<group>";
		};
		C060D6F217289A4200ED0375 /* alphaTests */ = {
			isa = PBXGroup;
			children = (
				C060D6F817289A4200ED0375 /* alphaTests.h */,
				C060D6F917289A4200ED0375 /* alphaTests.m */,
				C060D6F317289A4200ED0375 /* Supporting Files */,
			);
			path = alphaTests;
			sourceTree = "<group>";
		};
		C060D6F317289A4200ED0375 /* Supporting Files */ = {
			isa = PBXGroup;
			children = (
				C060D6F417289A4200ED0375 /* alphaTests-Info.plist */,
				C060D6F517289A4200ED0375 /* InfoPlist.strings */,
			);
			name = "Supporting Files";
			sourceTree = "<group>";
		};
/* End PBXGroup section */

/* Begin PBXNativeTarget section */
		C060D6C417289A4100ED0375 /* alpha */ = {
			isa = PBXNativeTarget;
			buildConfigurationList = C060D6FD17289A4200ED0375 /* Build configuration list for PBXNativeTarget "alpha" */;
			buildPhases = (
				C060D6C117289A4100ED0375 /* Sources */,
				C060D6C217289A4100ED0375 /* Frameworks */,
				C060D6C317289A4100ED0375 /* Resources */,
			);
			buildRules = (
			);
			dependencies = (
			);
			name = alpha;
			productName = alpha;
			productReference = C060D6C517289A4100ED0375 /* alpha.app */;
			productType = "com.apple.product-type.application";
		};
		C060D6E917289A4200ED0375 /* alphaTests */ = {
			isa = PBXNativeTarget;
			buildConfigurationList = C060D70017289A4200ED0375 /* Build configuration list for PBXNativeTarget "alphaTests" */;
			buildPhases = (
				C060D6E517289A4200ED0375 /* Sources */,
				C060D6E617289A4200ED0375 /* Frameworks */,
				C060D6E717289A4200ED0375 /* Resources */,
				C060D6E817289A4200ED0375 /* ShellScript */,
			);
			buildRules = (
			);
			dependencies = (
				C060D6F117289A4200ED0375 /* PBXTargetDependency */,
			);
			name = alphaTests;
			productName = alphaTests;
			productReference = C060D6EA17289A4200ED0375 /* alphaTests.octest */;
			productType = "com.apple.product-type.bundle";
		};
/* End PBXNativeTarget section */

/* Begin PBXProject section */
		C060D6BD17289A4100ED0375 /* Project object */ = {
			isa = PBXProject;
			attributes = {
				CLASSPREFIX = MSA;
				LastUpgradeCheck = 0460;
				ORGANIZATIONNAME = "Michael Garrido";
			};
			buildConfigurationList = C060D6C017289A4100ED0375 /* Build configuration list for PBXProject "alpha" */;
			compatibilityVersion = "Xcode 3.2";
			developmentRegion = English;
			hasScannedForEncodings = 0;
			knownRegions = (
				en,
			);
			mainGroup = C060D6BC17289A4100ED0375;
			productRefGroup = C060D6C617289A4100ED0375 /* Products */;
			projectDirPath = "";
			projectRoot = "";
			targets = (
				C060D6C417289A4100ED0375 /* alpha */,
				C060D6E917289A4200ED0375 /* alphaTests */,
			);
		};
/* End PBXProject section */

/* Begin PBXResourcesBuildPhase section */
		C060D6C317289A4100ED0375 /* Resources */ = {
			isa = PBXResourcesBuildPhase;
			buildActionMask = 2147483647;
			files = (
				C060D6D517289A4100ED0375 /* InfoPlist.strings in Resources */,
				C060D6DD17289A4100ED0375 /* Default.png in Resources */,
				C060D6DF17289A4100ED0375 /* Default@2x.png in Resources */,
				C060D6E117289A4100ED0375 /* Default-568h@2x.png in Resources */,
			);
			runOnlyForDeploymentPostprocessing = 0;
		};
		C060D6E717289A4200ED0375 /* Resources */ = {
			isa = PBXResourcesBuildPhase;
			buildActionMask = 2147483647;
			files = (
				C060D6F717289A4200ED0375 /* InfoPlist.strings in Resources */,
			);
			runOnlyForDeploymentPostprocessing = 0;
		};
/* End PBXResourcesBuildPhase section */

/* Begin PBXShellScriptBuildPhase section */
		C060D6E817289A4200ED0375 /* ShellScript */ = {
			isa = PBXShellScriptBuildPhase;
			buildActionMask = 2147483647;
			files = (
			);
			inputPaths = (
			);
			outputPaths = (
			);
			runOnlyForDeploymentPostprocessing = 0;
			shellPath = /bin/sh;
			shellScript = "# Run the unit tests in this test bundle.\n\"${SYSTEM_DEVELOPER_DIR}/Tools/RunUnitTests\"\n";
		};
/* End PBXShellScriptBuildPhase section */

/* Begin PBXSourcesBuildPhase section */
		C060D6C117289A4100ED0375 /* Sources */ = {
			isa = PBXSourcesBuildPhase;
			buildActionMask = 2147483647;
			files = (
				C060D6D717289A4100ED0375 /* main.m in Sources */,
				C060D6DB17289A4100ED0375 /* MSAAppDelegate.m in Sources */,
				C060D6E417289A4100ED0375 /* alpha.xcdatamodeld in Sources */,
			);
			runOnlyForDeploymentPostprocessing = 0;
		};
		C060D6E517289A4200ED0375 /* Sources */ = {
			isa = PBXSourcesBuildPhase;
			buildActionMask = 2147483647;
			files = (
				C060D6FA17289A4200ED0375 /* alphaTests.m in Sources */,
			);
			runOnlyForDeploymentPostprocessing = 0;
		};
/* End PBXSourcesBuildPhase section */

/* Begin PBXTargetDependency section */
		C060D6F117289A4200ED0375 /* PBXTargetDependency */ = {
			isa = PBXTargetDependency;
			target = C060D6C417289A4100ED0375 /* alpha */;
			targetProxy = C060D6F017289A4200ED0375 /* PBXContainerItemProxy */;
		};
/* End PBXTargetDependency section */

/* Begin PBXVariantGroup section */
		C060D6D317289A4100ED0375 /* InfoPlist.strings */ = {
			isa = PBXVariantGroup;
			children = (
				C060D6D417289A4100ED0375 /* en */,
			);
			name = InfoPlist.strings;
			sourceTree = "<group>";
		};
		C060D6F517289A4200ED0375 /* InfoPlist.strings */ = {
			isa = PBXVariantGroup;
			children = (
				C060D6F617289A4200ED0375 /* en */,
			);
			name = InfoPlist.strings;
			sourceTree = "<group>";
		};
/* End PBXVariantGroup section */

/* Begin XCBuildConfiguration section */
		C060D6FB17289A4200ED0375 /* Debug */ = {
			isa = XCBuildConfiguration;
			buildSettings = {
				ALWAYS_SEARCH_USER_PATHS = NO;
				CLANG_CXX_LANGUAGE_STANDARD = "gnu++0x";
				CLANG_CXX_LIBRARY = "libc++";
				CLANG_WARN_CONSTANT_CONVERSION = YES;
				CLANG_WARN_EMPTY_BODY = YES;
				CLANG_WARN_ENUM_CONVERSION = YES;
				CLANG_WARN_INT_CONVERSION = YES;
				CLANG_WARN__DUPLICATE_METHOD_MATCH = YES;
				"CODE_SIGN_IDENTITY[sdk=iphoneos*]" = "iPhone Developer";
				COPY_PHASE_STRIP = NO;
				GCC_C_LANGUAGE_STANDARD = gnu99;
				GCC_DYNAMIC_NO_PIC = NO;
				GCC_OPTIMIZATION_LEVEL = 0;
				GCC_PREPROCESSOR_DEFINITIONS = (
					"DEBUG=1",
					"$(inherited)",
				);
				GCC_SYMBOLS_PRIVATE_EXTERN = NO;
				GCC_WARN_ABOUT_RETURN_TYPE = YES;
				GCC_WARN_UNINITIALIZED_AUTOS = YES;
				GCC_WARN_UNUSED_VARIABLE = YES;
				IPHONEOS_DEPLOYMENT_TARGET = 6.1;
				ONLY_ACTIVE_ARCH = YES;
				SDKROOT = iphoneos;
			};
			name = Debug;
		};
		C060D6FC17289A4200ED0375 /* Release */ = {
			isa = XCBuildConfiguration;
			buildSettings = {
				ALWAYS_SEARCH_USER_PATHS = NO;
				CLANG_CXX_LANGUAGE_STANDARD = "gnu++0x";
				CLANG_CXX_LIBRARY = "libc++";
				CLANG_WARN_CONSTANT_CONVERSION = YES;
				CLANG_WARN_EMPTY_BODY = YES;
				CLANG_WARN_ENUM_CONVERSION = YES;
				CLANG_WARN_INT_CONVERSION = YES;
				CLANG_WARN__DUPLICATE_METHOD_MATCH = YES;
				"CODE_SIGN_IDENTITY[sdk=iphoneos*]" = "iPhone Developer";
				COPY_PHASE_STRIP = YES;
				GCC_C_LANGUAGE_STANDARD = gnu99;
				GCC_WARN_ABOUT_RETURN_TYPE = YES;
				GCC_WARN_UNINITIALIZED_AUTOS = YES;
				GCC_WARN_UNUSED_VARIABLE = YES;
				IPHONEOS_DEPLOYMENT_TARGET = 6.1;
				OTHER_CFLAGS = "-DNS_BLOCK_ASSERTIONS=1";
				SDKROOT = iphoneos;
				VALIDATE_PRODUCT = YES;
			};
			name = Release;
		};
		C060D6FE17289A4200ED0375 /* Debug */ = {
			isa = XCBuildConfiguration;
			buildSettings = {
				GCC_PRECOMPILE_PREFIX_HEADER = YES;
				GCC_PREFIX_HEADER = "alpha/alpha-Prefix.pch";
				INFOPLIST_FILE = "alpha/alpha-Info.plist";
				PRODUCT_NAME = "$(TARGET_NAME)";
				WRAPPER_EXTENSION = app;
			};
			name = Debug;
		};
		C060D6FF17289A4200ED0375 /* Release */ = {
			isa = XCBuildConfiguration;
			buildSettings = {
				GCC_PRECOMPILE_PREFIX_HEADER = YES;
				GCC_PREFIX_HEADER = "alpha/alpha-Prefix.pch";
				INFOPLIST_FILE = "alpha/alpha-Info.plist";
				PRODUCT_NAME = "$(TARGET_NAME)";
				WRAPPER_EXTENSION = app;
			};
			name = Release;
		};
		C060D70117289A4200ED0375 /* Debug */ = {
			isa = XCBuildConfiguration;
			buildSettings = {
				BUNDLE_LOADER = "$(BUILT_PRODUCTS_DIR)/alpha.app/alpha";
				FRAMEWORK_SEARCH_PATHS = (
					"\"$(SDKROOT)/Developer/Library/Frameworks\"",
					"\"$(DEVELOPER_LIBRARY_DIR)/Frameworks\"",
				);
				GCC_PRECOMPILE_PREFIX_HEADER = YES;
				GCC_PREFIX_HEADER = "alpha/alpha-Prefix.pch";
				INFOPLIST_FILE = "alphaTests/alphaTests-Info.plist";
				PRODUCT_NAME = "$(TARGET_NAME)";
				TEST_HOST = "$(BUNDLE_LOADER)";
				WRAPPER_EXTENSION = octest;
			};
			name = Debug;
		};
		C060D70217289A4200ED0375 /* Release */ = {
			isa = XCBuildConfiguration;
			buildSettings = {
				BUNDLE_LOADER = "$(BUILT_PRODUCTS_DIR)/alpha.app/alpha";
				FRAMEWORK_SEARCH_PATHS = (
					"\"$(SDKROOT)/Developer/Library/Frameworks\"",
					"\"$(DEVELOPER_LIBRARY_DIR)/Frameworks\"",
				);
				GCC_PRECOMPILE_PREFIX_HEADER = YES;
				GCC_PREFIX_HEADER = "alpha/alpha-Prefix.pch";
				INFOPLIST_FILE = "alphaTests/alphaTests-Info.plist";
				PRODUCT_NAME = "$(TARGET_NAME)";
				TEST_HOST = "$(BUNDLE_LOADER)";
				WRAPPER_EXTENSION = octest;
			};
			name = Release;
		};
/* End XCBuildConfiguration section */

/* Begin XCConfigurationList section */
		C060D6C017289A4100ED0375 /* Build configuration list for PBXProject "alpha" */ = {
			isa = XCConfigurationList;
			buildConfigurations = (
				C060D6FB17289A4200ED0375 /* Debug */,
				C060D6FC17289A4200ED0375 /* Release */,
			);
			defaultConfigurationIsVisible = 0;
			defaultConfigurationName = Release;
		};
		C060D6FD17289A4200ED0375 /* Build configuration list for PBXNativeTarget "alpha" */ = {
			isa = XCConfigurationList;
			buildConfigurations = (
				C060D6FE17289A4200ED0375 /* Debug */,
				C060D6FF17289A4200ED0375 /* Release */,
			);
			defaultConfigurationIsVisible = 0;
		};
		C060D70017289A4200ED0375 /* Build configuration list for PBXNativeTarget "alphaTests" */ = {
			isa = XCConfigurationList;
			buildConfigurations = (
				C060D70117289A4200ED0375 /* Debug */,
				C060D70217289A4200ED0375 /* Release */,
			);
			defaultConfigurationIsVisible = 0;
		};
/* End XCConfigurationList section */

/* Begin XCVersionGroup section */
		C060D6E217289A4100ED0375 /* alpha.xcdatamodeld */ = {
			isa = XCVersionGroup;
			children = (
				C060D6E317289A4100ED0375 /* alpha.xcdatamodel */,
			);
			currentVersion = C060D6E317289A4100ED0375 /* alpha.xcdatamodel */;
			path = alpha.xcdatamodeld;
			sourceTree = "<group>";
			versionGroupType = wrapper.xcdatamodel;
		};
/* End XCVersionGroup section */
	};
	rootObject = C060D6BD17289A4100ED0375 /* Project object */;
}
